
Microsoft Visual Studio Solution File, Format Version 12.00
# Visual Studio 15
VisualStudioVersion = 15.0.27703.2042
MinimumVisualStudioVersion = 10.0.40219.1
Project("{9A19103F-16F7-4668-BE54-9A1E7A4F7556}") = "Warframe.EventNotifier", "Warframe.EventNotifier\Warframe.EventNotifier.csproj", "{4DAF32EE-30F2-4AB1-ACA9-EE97D919732B}"
EndProject
Project("{9A19103F-16F7-4668-BE54-9A1E7A4F7556}") = "WarframeNET", "Warframe.NET\WarframeNET.csproj", "{39701626-56B4-4AEA-8C07-7106D5AAC797}"
EndProject
Global
	GlobalSection(SolutionConfigurationPlatforms) = preSolution
		Debug|Any CPU = Debug|Any CPU
		Release|Any CPU = Release|Any CPU
	EndGlobalSection
	GlobalSection(ProjectConfigurationPlatforms) = postSolution
		{4DAF32EE-30F2-4AB1-ACA9-EE97D919732B}.Debug|Any CPU.ActiveCfg = Debug|Any CPU
		{4DAF32EE-30F2-4AB1-ACA9-EE97D919732B}.Debug|Any CPU.Build.0 = Debug|Any CPU
		{4DAF32EE-30F2-4AB1-ACA9-EE97D919732B}.Release|Any CPU.ActiveCfg = Release|Any CPU
		{4DAF32EE-30F2-4AB1-ACA9-EE97D919732B}.Release|Any CPU.Build.0 = Release|Any CPU
		{39701626-56B4-4AEA-8C07-7106D5AAC797}.Debug|Any CPU.ActiveCfg = Debug|Any CPU
		{39701626-56B4-4AEA-8C07-7106D5AAC797}.Debug|Any CPU.Build.0 = Debug|Any CPU
		{39701626-56B4-4AEA-8C07-7106D5AAC797}.Release|Any CPU.ActiveCfg = Release|Any CPU
		{39701626-56B4-4AEA-8C07-7106D5AAC797}.Release|Any CPU.Build.0 = Release|Any CPU
	EndGlobalSection
	GlobalSection(SolutionProperties) = preSolution
		HideSolutionNode = FALSE
	EndGlobalSection
	GlobalSection(ExtensibilityGlobals) = postSolution
		SolutionGuid = {2D22EAE8-CED9-4E87-9C0A-0E5F549C00F2}
	EndGlobalSection
EndGlobal
